
Microsoft Visual Studio Solution File, Format Version 12.00
# Visual Studio Version 17
VisualStudioVersion = 17.9.34723.18
MinimumVisualStudioVersion = 10.0.40219.1
Project("{9A19103F-16F7-4668-BE54-9A1E7A4F7556}") = "GltfAttributesExporter", "src\GltfAttributesExporter.csproj", "{39AAA0CB-CCC3-450E-B710-D82669452D53}"
EndProject
Project("{2150E333-8FDC-42A3-9474-1A3956D46DE8}") = "ソリューション項目", "ソリューション項目", "{E027C5E0-533C-4771-A4C7-9DBA05CE954D}"
	ProjectSection(SolutionItems) = preProject
		LICENSE = LICENSE
		README.md = README.md
	EndProjectSection
EndProject
Global
	GlobalSection(SolutionConfigurationPlatforms) = preSolution
		Debug|Any CPU = Debug|Any CPU
		Release|Any CPU = Release|Any CPU
	EndGlobalSection
	GlobalSection(ProjectConfigurationPlatforms) = postSolution
		{39AAA0CB-CCC3-450E-B710-D82669452D53}.Debug|Any CPU.ActiveCfg = Debug|Any CPU
		{39AAA0CB-CCC3-450E-B710-D82669452D53}.Debug|Any CPU.Build.0 = Debug|Any CPU
		{39AAA0CB-CCC3-450E-B710-D82669452D53}.Release|Any CPU.ActiveCfg = Release|Any CPU
		{39AAA0CB-CCC3-450E-B710-D82669452D53}.Release|Any CPU.Build.0 = Release|Any CPU
	EndGlobalSection
	GlobalSection(SolutionProperties) = preSolution
		HideSolutionNode = FALSE
	EndGlobalSection
	GlobalSection(ExtensibilityGlobals) = postSolution
		SolutionGuid = {7BB974BC-4133-4A42-AC8C-D00BCE595D2F}
	EndGlobalSection
EndGlobal
